
Microsoft Visual Studio Solution File, Format Version 12.00
# Visual Studio Version 16
VisualStudioVersion = 16.0.30804.86
MinimumVisualStudioVersion = 10.0.40219.1
Project("{FAE04EC0-301F-11D3-BF4B-00C04F79EFBC}") = "WpfDay03", "WpfDay03\WpfDay03.csproj", "{9982E651-C3FC-4FF6-AF8B-80A20C800293}"
EndProject
Project("{9A19103F-16F7-4668-BE54-9A1E7A4F7556}") = "WpfDay01", "..\WpfDay01\WpfDay01\WpfDay01.csproj", "{3D006246-D12D-4AE4-9D6D-927A1E915C56}"
EndProject
Global
	GlobalSection(SolutionConfigurationPlatforms) = preSolution
		Debug|Any CPU = Debug|Any CPU
		Release|Any CPU = Release|Any CPU
	EndGlobalSection
	GlobalSection(ProjectConfigurationPlatforms) = postSolution
		{9982E651-C3FC-4FF6-AF8B-80A20C800293}.Debug|Any CPU.ActiveCfg = Debug|Any CPU
		{9982E651-C3FC-4FF6-AF8B-80A20C800293}.Debug|Any CPU.Build.0 = Debug|Any CPU
		{9982E651-C3FC-4FF6-AF8B-80A20C800293}.Release|Any CPU.ActiveCfg = Release|Any CPU
		{9982E651-C3FC-4FF6-AF8B-80A20C800293}.Release|Any CPU.Build.0 = Release|Any CPU
		{3D006246-D12D-4AE4-9D6D-927A1E915C56}.Debug|Any CPU.ActiveCfg = Debug|Any CPU
		{3D006246-D12D-4AE4-9D6D-927A1E915C56}.Debug|Any CPU.Build.0 = Debug|Any CPU
		{3D006246-D12D-4AE4-9D6D-927A1E915C56}.Release|Any CPU.ActiveCfg = Release|Any CPU
		{3D006246-D12D-4AE4-9D6D-927A1E915C56}.Release|Any CPU.Build.0 = Release|Any CPU
	EndGlobalSection
	GlobalSection(SolutionProperties) = preSolution
		HideSolutionNode = FALSE
	EndGlobalSection
	GlobalSection(ExtensibilityGlobals) = postSolution
		SolutionGuid = {B305F1BF-4ED3-4CA1-903A-56D18306C929}
	EndGlobalSection
EndGlobal
